
Microsoft Visual Studio Solution File, Format Version 12.00
# Visual Studio Version 16
VisualStudioVersion = 16.0.30503.244
MinimumVisualStudioVersion = 10.0.40219.1
Project("{FAE04EC0-301F-11D3-BF4B-00C04F79EFBC}") = "AuthorizationOSSBSS", "AuthorizationOSSBSS.csproj", "{00BA0056-D680-44A8-A024-5F9BD629E492}"
EndProject
Global
	GlobalSection(SolutionConfigurationPlatforms) = preSolution
		Debug|Any CPU = Debug|Any CPU
		Release|Any CPU = Release|Any CPU
	EndGlobalSection
	GlobalSection(ProjectConfigurationPlatforms) = postSolution
		{00BA0056-D680-44A8-A024-5F9BD629E492}.Debug|Any CPU.ActiveCfg = Debug|Any CPU
		{00BA0056-D680-44A8-A024-5F9BD629E492}.Debug|Any CPU.Build.0 = Debug|Any CPU
		{00BA0056-D680-44A8-A024-5F9BD629E492}.Release|Any CPU.ActiveCfg = Release|Any CPU
		{00BA0056-D680-44A8-A024-5F9BD629E492}.Release|Any CPU.Build.0 = Release|Any CPU
	EndGlobalSection
	GlobalSection(SolutionProperties) = preSolution
		HideSolutionNode = FALSE
	EndGlobalSection
	GlobalSection(ExtensibilityGlobals) = postSolution
		SolutionGuid = {B2DEE7B5-CF93-40B9-910D-2290A137420F}
	EndGlobalSection
EndGlobal
